
Microsoft Visual Studio Solution File, Format Version 12.00
# Visual Studio 15
VisualStudioVersion = 15.0.27130.2026
MinimumVisualStudioVersion = 10.0.40219.1
Project("{FAE04EC0-301F-11D3-BF4B-00C04F79EFBC}") = "Radio Check Box", "Radio Check Box\Radio Check Box.csproj", "{1FC69CA5-E4BF-42D8-8361-D20CA0EDF59E}"
EndProject
Global
	GlobalSection(SolutionConfigurationPlatforms) = preSolution
		Debug|Any CPU = Debug|Any CPU
		Release|Any CPU = Release|Any CPU
	EndGlobalSection
	GlobalSection(ProjectConfigurationPlatforms) = postSolution
		{1FC69CA5-E4BF-42D8-8361-D20CA0EDF59E}.Debug|Any CPU.ActiveCfg = Debug|Any CPU
		{1FC69CA5-E4BF-42D8-8361-D20CA0EDF59E}.Debug|Any CPU.Build.0 = Debug|Any CPU
		{1FC69CA5-E4BF-42D8-8361-D20CA0EDF59E}.Release|Any CPU.ActiveCfg = Release|Any CPU
		{1FC69CA5-E4BF-42D8-8361-D20CA0EDF59E}.Release|Any CPU.Build.0 = Release|Any CPU
	EndGlobalSection
	GlobalSection(SolutionProperties) = preSolution
		HideSolutionNode = FALSE
	EndGlobalSection
	GlobalSection(ExtensibilityGlobals) = postSolution
		SolutionGuid = {5FB6DD2A-5FE0-4766-BD2C-696ABEDDCD38}
	EndGlobalSection
EndGlobal
