
Microsoft Visual Studio Solution File, Format Version 12.00
# Visual Studio 15
VisualStudioVersion = 15.0.27130.2026
MinimumVisualStudioVersion = 10.0.40219.1
Project("{FAE04EC0-301F-11D3-BF4B-00C04F79EFBC}") = "Grader", "Grader\Grader.csproj", "{75DB28C7-BF26-4016-8C9B-C7F9F20BF401}"
EndProject
Global
	GlobalSection(SolutionConfigurationPlatforms) = preSolution
		Debug|Any CPU = Debug|Any CPU
		Release|Any CPU = Release|Any CPU
	EndGlobalSection
	GlobalSection(ProjectConfigurationPlatforms) = postSolution
		{75DB28C7-BF26-4016-8C9B-C7F9F20BF401}.Debug|Any CPU.ActiveCfg = Debug|Any CPU
		{75DB28C7-BF26-4016-8C9B-C7F9F20BF401}.Debug|Any CPU.Build.0 = Debug|Any CPU
		{75DB28C7-BF26-4016-8C9B-C7F9F20BF401}.Release|Any CPU.ActiveCfg = Release|Any CPU
		{75DB28C7-BF26-4016-8C9B-C7F9F20BF401}.Release|Any CPU.Build.0 = Release|Any CPU
	EndGlobalSection
	GlobalSection(SolutionProperties) = preSolution
		HideSolutionNode = FALSE
	EndGlobalSection
	GlobalSection(ExtensibilityGlobals) = postSolution
		SolutionGuid = {CC19EFBD-0964-4162-B540-CE42D37449EB}
	EndGlobalSection
EndGlobal
